
Microsoft Visual Studio Solution File, Format Version 12.00
# Visual Studio Version 16
VisualStudioVersion = 16.0.32228.343
MinimumVisualStudioVersion = 10.0.40219.1
Project("{FAE04EC0-301F-11D3-BF4B-00C04F79EFBC}") = "SteamVR Toggle for Viveport", "SteamVR Toggle for Viveport.csproj", "{B450D534-444F-4681-AAD3-347F787B2FE3}"
EndProject
Global
	GlobalSection(SolutionConfigurationPlatforms) = preSolution
		Debug|Any CPU = Debug|Any CPU
		Release|Any CPU = Release|Any CPU
	EndGlobalSection
	GlobalSection(ProjectConfigurationPlatforms) = postSolution
		{B450D534-444F-4681-AAD3-347F787B2FE3}.Debug|Any CPU.ActiveCfg = Debug|Any CPU
		{B450D534-444F-4681-AAD3-347F787B2FE3}.Debug|Any CPU.Build.0 = Debug|Any CPU
		{B450D534-444F-4681-AAD3-347F787B2FE3}.Release|Any CPU.ActiveCfg = Release|Any CPU
		{B450D534-444F-4681-AAD3-347F787B2FE3}.Release|Any CPU.Build.0 = Release|Any CPU
	EndGlobalSection
	GlobalSection(SolutionProperties) = preSolution
		HideSolutionNode = FALSE
	EndGlobalSection
	GlobalSection(ExtensibilityGlobals) = postSolution
		SolutionGuid = {7885065D-3015-4957-AEBD-7E2814142F1B}
	EndGlobalSection
EndGlobal
